
Microsoft Visual Studio Solution File, Format Version 12.00
# Visual Studio Version 17
VisualStudioVersion = 17.5.33627.172
MinimumVisualStudioVersion = 10.0.40219.1
Project("{FAE04EC0-301F-11D3-BF4B-00C04F79EFBC}") = "WebApi", "WebApi\WebApi.csproj", "{FCD9CCE2-04FD-4658-B2A0-31D21F05EA40}"
EndProject
Project("{FAE04EC0-301F-11D3-BF4B-00C04F79EFBC}") = "Application", "Application\Application.csproj", "{E0B06F1A-3D15-450D-B488-A3E63ACA1B7C}"
EndProject
Project("{FAE04EC0-301F-11D3-BF4B-00C04F79EFBC}") = "Domain", "Domain\Domain.csproj", "{BD9D3465-F906-4B9F-B518-FF633DC98DD6}"
EndProject
Project("{FAE04EC0-301F-11D3-BF4B-00C04F79EFBC}") = "Infrastructure", "Infrastructure\Infrastructure.csproj", "{F6499868-55DD-4AA9-A996-E0701BF40D5C}"
EndProject
Global
	GlobalSection(SolutionConfigurationPlatforms) = preSolution
		Debug|Any CPU = Debug|Any CPU
		Release|Any CPU = Release|Any CPU
	EndGlobalSection
	GlobalSection(ProjectConfigurationPlatforms) = postSolution
		{FCD9CCE2-04FD-4658-B2A0-31D21F05EA40}.Debug|Any CPU.ActiveCfg = Debug|Any CPU
		{FCD9CCE2-04FD-4658-B2A0-31D21F05EA40}.Debug|Any CPU.Build.0 = Debug|Any CPU
		{FCD9CCE2-04FD-4658-B2A0-31D21F05EA40}.Release|Any CPU.ActiveCfg = Release|Any CPU
		{FCD9CCE2-04FD-4658-B2A0-31D21F05EA40}.Release|Any CPU.Build.0 = Release|Any CPU
		{E0B06F1A-3D15-450D-B488-A3E63ACA1B7C}.Debug|Any CPU.ActiveCfg = Debug|Any CPU
		{E0B06F1A-3D15-450D-B488-A3E63ACA1B7C}.Debug|Any CPU.Build.0 = Debug|Any CPU
		{E0B06F1A-3D15-450D-B488-A3E63ACA1B7C}.Release|Any CPU.ActiveCfg = Release|Any CPU
		{E0B06F1A-3D15-450D-B488-A3E63ACA1B7C}.Release|Any CPU.Build.0 = Release|Any CPU
		{BD9D3465-F906-4B9F-B518-FF633DC98DD6}.Debug|Any CPU.ActiveCfg = Debug|Any CPU
		{BD9D3465-F906-4B9F-B518-FF633DC98DD6}.Debug|Any CPU.Build.0 = Debug|Any CPU
		{BD9D3465-F906-4B9F-B518-FF633DC98DD6}.Release|Any CPU.ActiveCfg = Release|Any CPU
		{BD9D3465-F906-4B9F-B518-FF633DC98DD6}.Release|Any CPU.Build.0 = Release|Any CPU
		{F6499868-55DD-4AA9-A996-E0701BF40D5C}.Debug|Any CPU.ActiveCfg = Debug|Any CPU
		{F6499868-55DD-4AA9-A996-E0701BF40D5C}.Debug|Any CPU.Build.0 = Debug|Any CPU
		{F6499868-55DD-4AA9-A996-E0701BF40D5C}.Release|Any CPU.ActiveCfg = Release|Any CPU
		{F6499868-55DD-4AA9-A996-E0701BF40D5C}.Release|Any CPU.Build.0 = Release|Any CPU
	EndGlobalSection
	GlobalSection(SolutionProperties) = preSolution
		HideSolutionNode = FALSE
	EndGlobalSection
	GlobalSection(ExtensibilityGlobals) = postSolution
		SolutionGuid = {6C54220C-DC0A-450F-9AF4-2AD6C9E8A60F}
	EndGlobalSection
EndGlobal
